github.com/Chrede88/L1nkr v0.0.0-20231010224031-5b81819d2cfb h1:G4iOzzhi4UQOuJ7AKmTNfBPic33mvjuNFCEY6uHKtdk=
github.com/Chrede88/L1nkr v0.0.0-20231010224031-5b81819d2cfb/go.mod h1:sy61OCXbQCfD58JxhQxgt/L/ad9fAh4tiXUPgah0r58=
github.com/chrede88/L1nkr v1.10.0 h1:R+JeCnCTNbb+w6Udhgeqb7NvXwhMGCJYPA486nxiplg=
github.com/chrede88/L1nkr v1.10.0/go.mod h1:oyWrY+vHMevXqiUy9aqqaqmo8GUKh/1JpC/XIgJIpr4=
